{
  "name": "basic",
  "version": "1.0.0",
  "lockfileVersion": 3,
  "requires": true,
  "packages": {
    "": {
      "name": "basic",
      "version": "1.0.0",
      "license": "ISC",
      "dependencies": {
        "@deessejs/collections": "^0.0.27",
        "@deessejs/functions": "^0.0.67"
      }
    },
    "node_modules/.pnpm/@deessejs+collections@0.0.4_zod@4.1.13": {
      "extraneous": true
    },
    "node_modules/.pnpm/zod@4.1.13/node_modules/zod": {
      "version": "4.1.13",
      "extraneous": true,
      "license": "MIT",
      "funding": {
        "url": "https://github.com/sponsors/colinhacks"
      }
    },
    "node_modules/@deessejs/collections": {
      "version": "0.0.27",
      "resolved": "https://registry.npmjs.org/@deessejs/collections/-/collections-0.0.27.tgz",
      "integrity": "sha512-iKOvP8P6pKTcmNDfNwJ4RfeYpGSiKskPCeY0muvFQW8kklAjrbcKQreaY6gH55+he+lhWSQD66akmFJ4fhf2Pw==",
      "license": "ISC",
      "peerDependencies": {
        "zod": "^4.1.12"
      }
    },
    "node_modules/@deessejs/functions": {
      "version": "0.0.67",
      "resolved": "https://registry.npmjs.org/@deessejs/functions/-/functions-0.0.67.tgz",
      "integrity": "sha512-juqt9JZe0dMhaX5fsqHL7Y7WiLcwQ80UuNR81TXXrxtymRQ93GT/9CXAV8+JKJ4Sm/8RV5Xa6uL1Znfih708gA==",
      "license": "MIT",
      "dependencies": {
        "zod": "^4.1.12"
      },
      "engines": {
        "node": ">=16.0.0"
      }
    },
    "node_modules/zod": {
      "version": "4.1.13",
      "resolved": "https://registry.npmjs.org/zod/-/zod-4.1.13.tgz",
      "integrity": "sha512-AvvthqfqrAhNH9dnfmrfKzX5upOdjUVJYFqNSlkmGf64gRaTzlPwz99IHYnVs28qYAybvAlBV+H7pn0saFY4Ig==",
      "license": "MIT",
      "funding": {
        "url": "https://github.com/sponsors/colinhacks"
      }
    }
  }
}
